// !$*UTF8*$!
{
	archiveVersion = 1;
	classes = {
	};
	objectVersion = 48;
	objects = {

/* Begin PBXBuildFile section */
		0346860B1F76A3FF00294009 /* AppDelegate.swift in Sources */ = {isa = PBXBuildFile; fileRef = 0346860A1F76A3FF00294009 /* AppDelegate.swift */; };
		0346860D1F76A3FF00294009 /* ViewController.swift in Sources */ = {isa = PBXBuildFile; fileRef = 0346860C1F76A3FF00294009 /* ViewController.swift */; };
		034686101F76A3FF00294009 /* Main.storyboard in Resources */ = {isa = PBXBuildFile; fileRef = 0346860E1F76A3FF00294009 /* Main.storyboard */; };
		034686121F76A3FF00294009 /* Assets.xcassets in Resources */ = {isa = PBXBuildFile; fileRef = 034686111F76A3FF00294009 /* Assets.xcassets */; };
		034686151F76A3FF00294009 /* LaunchScreen.storyboard in Resources */ = {isa = PBXBuildFile; fileRef = 034686131F76A3FF00294009 /* LaunchScreen.storyboard */; };
		0346861D1F76ACC900294009 /* hustle-on.wav in Resources */ = {isa = PBXBuildFile; fileRef = 0346861C1F76A49600294009 /* hustle-on.wav */; };
/* End PBXBuildFile section */

/* Begin PBXFileReference section */
		034686071F76A3FF00294009 /* HustleMode.app */ = {isa = PBXFileReference; explicitFileType = wrapper.application; includeInIndex = 0; path = HustleMode.app; sourceTree = BUILT_PRODUCTS_DIR; };
		0346860A1F76A3FF00294009 /* AppDelegate.swift */ = {isa = PBXFileReference; lastKnownFileType = sourcecode.swift; path = AppDelegate.swift; sourceTree = "<group>"; };
		0346860C1F76A3FF00294009 /* ViewController.swift */ = {isa = PBXFileReference; lastKnownFileType = sourcecode.swift; path = ViewController.swift; sourceTree = "<group>"; };
		0346860F1F76A3FF00294009 /* Base */ = {isa = PBXFileReference; lastKnownFileType = file.storyboard; name = Base; path = Base.lproj/Main.storyboard; sourceTree = "<group>"; };
		034686111F76A3FF00294009 /* Assets.xcassets */ = {isa = PBXFileReference; lastKnownFileType = folder.assetcatalog; path = Assets.xcassets; sourceTree = "<group>"; };
		034686141F76A3FF00294009 /* Base */ = {isa = PBXFileReference; lastKnownFileType = file.storyboard; name = Base; path = Base.lproj/LaunchScreen.storyboard; sourceTree = "<group>"; };
		034686161F76A3FF00294009 /* Info.plist */ = {isa = PBXFileReference; lastKnownFileType = text.plist.xml; path = Info.plist; sourceTree = "<group>"; };
		0346861C1F76A49600294009 /* hustle-on.wav */ = {isa = PBXFileReference; lastKnownFileType = audio.wav; path = "hustle-on.wav"; sourceTree = "<group>"; };
/* End PBXFileReference section */

/* Begin PBXFrameworksBuildPhase section */
		034686041F76A3FF00294009 /* Frameworks */ = {
			isa = PBXFrameworksBuildPhase;
			buildActionMask = 2147483647;
			files = (
			);
			runOnlyForDeploymentPostprocessing = 0;
		};
/* End PBXFrameworksBuildPhase section */

/* Begin PBXGroup section */
		034685FE1F76A3FF00294009 = {
			isa = PBXGroup;
			children = (
				034686091F76A3FF00294009 /* HustleMode */,
				034686081F76A3FF00294009 /* Products */,
			);
			sourceTree = "<group>";
		};
		034686081F76A3FF00294009 /* Products */ = {
			isa = PBXGroup;
			children = (
				034686071F76A3FF00294009 /* HustleMode.app */,
			);
			name = Products;
			sourceTree = "<group>";
		};
		034686091F76A3FF00294009 /* HustleMode */ = {
			isa = PBXGroup;
			children = (
				0346861C1F76A49600294009 /* hustle-on.wav */,
				0346860A1F76A3FF00294009 /* AppDelegate.swift */,
				0346860C1F76A3FF00294009 /* ViewController.swift */,
				0346860E1F76A3FF00294009 /* Main.storyboard */,
				034686111F76A3FF00294009 /* Assets.xcassets */,
				034686131F76A3FF00294009 /* LaunchScreen.storyboard */,
				034686161F76A3FF00294009 /* Info.plist */,
			);
			path = HustleMode;
			sourceTree = "<group>";
		};
/* End PBXGroup section */

/* Begin PBXNativeTarget section */
		034686061F76A3FF00294009 /* HustleMode */ = {
			isa = PBXNativeTarget;
			buildConfigurationList = 034686191F76A3FF00294009 /* Build configuration list for PBXNativeTarget "HustleMode" */;
			buildPhases = (
				034686031F76A3FF00294009 /* Sources */,
				034686041F76A3FF00294009 /* Frameworks */,
				034686051F76A3FF00294009 /* Resources */,
			);
			buildRules = (
			);
			dependencies = (
			);
			name = HustleMode;
			productName = HustleMode;
			productReference = 034686071F76A3FF00294009 /* HustleMode.app */;
			productType = "com.apple.product-type.application";
		};
/* End PBXNativeTarget section */

/* Begin PBXProject section */
		034685FF1F76A3FF00294009 /* Project object */ = {
			isa = PBXProject;
			attributes = {
				LastSwiftUpdateCheck = 0900;
				LastUpgradeCheck = 0900;
				ORGANIZATIONNAME = "kim jong soo";
				TargetAttributes = {
					034686061F76A3FF00294009 = {
						CreatedOnToolsVersion = 9.0;
						ProvisioningStyle = Automatic;
					};
				};
			};
			buildConfigurationList = 034686021F76A3FF00294009 /* Build configuration list for PBXProject "HustleMode" */;
			compatibilityVersion = "Xcode 8.0";
			developmentRegion = en;
			hasScannedForEncodings = 0;
			knownRegions = (
				en,
				Base,
			);
			mainGroup = 034685FE1F76A3FF00294009;
			productRefGroup = 034686081F76A3FF00294009 /* Products */;
			projectDirPath = "";
			projectRoot = "";
			targets = (
				034686061F76A3FF00294009 /* HustleMode */,
			);
		};
/* End PBXProject section */

/* Begin PBXResourcesBuildPhase section */
		034686051F76A3FF00294009 /* Resources */ = {
			isa = PBXResourcesBuildPhase;
			buildActionMask = 2147483647;
			files = (
				0346861D1F76ACC900294009 /* hustle-on.wav in Resources */,
				034686151F76A3FF00294009 /* LaunchScreen.storyboard in Resources */,
				034686121F76A3FF00294009 /* Assets.xcassets in Resources */,
				034686101F76A3FF00294009 /* Main.storyboard in Resources */,
			);
			runOnlyForDeploymentPostprocessing = 0;
		};
/* End PBXResourcesBuildPhase section */

/* Begin PBXSourcesBuildPhase section */
		034686031F76A3FF00294009 /* Sources */ = {
			isa = PBXSourcesBuildPhase;
			buildActionMask = 2147483647;
			files = (
				0346860D1F76A3FF00294009 /* ViewController.swift in Sources */,
				0346860B1F76A3FF00294009 /* AppDelegate.swift in Sources */,
			);
			runOnlyForDeploymentPostprocessing = 0;
		};
/* End PBXSourcesBuildPhase section */

/* Begin PBXVariantGroup section */
		0346860E1F76A3FF00294009 /* Main.storyboard */ = {
			isa = PBXVariantGroup;
			children = (
				0346860F1F76A3FF00294009 /* Base */,
			);
			name = Main.storyboard;
			sourceTree = "<group>";
		};
		034686131F76A3FF00294009 /* LaunchScreen.storyboard */ = {
			isa = PBXVariantGroup;
			children = (
				034686141F76A3FF00294009 /* Base */,
			);
			name = LaunchScreen.storyboard;
			sourceTree = "<group>";
		};
/* End PBXVariantGroup section */

/* Begin XCBuildConfiguration section */
		034686171F76A3FF00294009 /* Debug */ = {
			isa = XCBuildConfiguration;
			buildSettings = {
				ALWAYS_SEARCH_USER_PATHS = NO;
				CLANG_ANALYZER_NONNULL = YES;
				CLANG_ANALYZER_NUMBER_OBJECT_CONVERSION = YES_AGGRESSIVE;
				CLANG_CXX_LANGUAGE_STANDARD = "gnu++14";
				CLANG_CXX_LIBRARY = "libc++";
				CLANG_ENABLE_MODULES = YES;
				CLANG_ENABLE_OBJC_ARC = YES;
				CLANG_WARN_BLOCK_CAPTURE_AUTORELEASING = YES;
				CLANG_WARN_BOOL_CONVERSION = YES;
				CLANG_WARN_COMMA = YES;
				CLANG_WARN_CONSTANT_CONVERSION = YES;
				CLANG_WARN_DIRECT_OBJC_ISA_USAGE = YES_ERROR;
				CLANG_WARN_DOCUMENTATION_COMMENTS = YES;
				CLANG_WARN_EMPTY_BODY = YES;
				CLANG_WARN_ENUM_CONVERSION = YES;
				CLANG_WARN_INFINITE_RECURSION = YES;
				CLANG_WARN_INT_CONVERSION = YES;
				CLANG_WARN_NON_LITERAL_NULL_CONVERSION = YES;
				CLANG_WARN_OBJC_LITERAL_CONVERSION = YES;
				CLANG_WARN_OBJC_ROOT_CLASS = YES_ERROR;
				CLANG_WARN_RANGE_LOOP_ANALYSIS = YES;
				CLANG_WARN_STRICT_PROTOTYPES = YES;
				CLANG_WARN_SUSPICIOUS_MOVE = YES;
				CLANG_WARN_UNGUARDED_AVAILABILITY = YES_AGGRESSIVE;
				CLANG_WARN_UNREACHABLE_CODE = YES;
				CLANG_WARN__DUPLICATE_METHOD_MATCH = YES;
				CODE_SIGN_IDENTITY = "iPhone Developer";
				COPY_PHASE_STRIP = NO;
				DEBUG_INFORMATION_FORMAT = dwarf;
				ENABLE_STRICT_OBJC_MSGSEND = YES;
				ENABLE_TESTABILITY = YES;
				GCC_C_LANGUAGE_STANDARD = gnu11;
				GCC_DYNAMIC_NO_PIC = NO;
				GCC_NO_COMMON_BLOCKS = YES;
				GCC_OPTIMIZATION_LEVEL = 0;
				GCC_PREPROCESSOR_DEFINITIONS = (
					"DEBUG=1",
					"$(inherited)",
				);
				GCC_WARN_64_TO_32_BIT_CONVERSION = YES;
				GCC_WARN_ABOUT_RETURN_TYPE = YES_ERROR;
				GCC_WARN_UNDECLARED_SELECTOR = YES;
				GCC_WARN_UNINITIALIZED_AUTOS = YES_AGGRESSIVE;
				GCC_WARN_UNUSED_FUNCTION = YES;
				GCC_WARN_UNUSED_VARIABLE = YES;
				IPHONEOS_DEPLOYMENT_TARGET = 11.0;
				MTL_ENABLE_DEBUG_INFO = YES;
				ONLY_ACTIVE_ARCH = YES;
				SDKROOT = iphoneos;
				SWIFT_ACTIVE_COMPILATION_CONDITIONS = DEBUG;
				SWIFT_OPTIMIZATION_LEVEL = "-Onone";
			};
			name = Debug;
		};
		034686181F76A3FF00294009 /* Release */ = {
			isa = XCBuildConfiguration;
			buildSettings = {
				ALWAYS_SEARCH_USER_PATHS = NO;
				CLANG_ANALYZER_NONNULL = YES;
				CLANG_ANALYZER_NUMBER_OBJECT_CONVERSION = YES_AGGRESSIVE;
				CLANG_CXX_LANGUAGE_STANDARD = "gnu++14";
				CLANG_CXX_LIBRARY = "libc++";
				CLANG_ENABLE_MODULES = YES;
				CLANG_ENABLE_OBJC_ARC = YES;
				CLANG_WARN_BLOCK_CAPTURE_AUTORELEASING = YES;
				CLANG_WARN_BOOL_CONVERSION = YES;
				CLANG_WARN_COMMA = YES;
				CLANG_WARN_CONSTANT_CONVERSION = YES;
				CLANG_WARN_DIRECT_OBJC_ISA_USAGE = YES_ERROR;
				CLANG_WARN_DOCUMENTATION_COMMENTS = YES;
				CLANG_WARN_EMPTY_BODY = YES;
				CLANG_WARN_ENUM_CONVERSION = YES;
				CLANG_WARN_INFINITE_RECURSION = YES;
				CLANG_WARN_INT_CONVERSION = YES;
				CLANG_WARN_NON_LITERAL_NULL_CONVERSION = YES;
				CLANG_WARN_OBJC_LITERAL_CONVERSION = YES;
				CLANG_WARN_OBJC_ROOT_CLASS = YES_ERROR;
				CLANG_WARN_RANGE_LOOP_ANALYSIS = YES;
				CLANG_WARN_STRICT_PROTOTYPES = YES;
				CLANG_WARN_SUSPICIOUS_MOVE = YES;
				CLANG_WARN_UNGUARDED_AVAILABILITY = YES_AGGRESSIVE;
				CLANG_WARN_UNREACHABLE_CODE = YES;
				CLANG_WARN__DUPLICATE_METHOD_MATCH = YES;
				CODE_SIGN_IDENTITY = "iPhone Developer";
				COPY_PHASE_STRIP = NO;
				DEBUG_INFORMATION_FORMAT = "dwarf-with-dsym";
				ENABLE_NS_ASSERTIONS = NO;
				ENABLE_STRICT_OBJC_MSGSEND = YES;
				GCC_C_LANGUAGE_STANDARD = gnu11;
				GCC_NO_COMMON_BLOCKS = YES;
				GCC_WARN_64_TO_32_BIT_CONVERSION = YES;
				GCC_WARN_ABOUT_RETURN_TYPE = YES_ERROR;
				GCC_WARN_UNDECLARED_SELECTOR = YES;
				GCC_WARN_UNINITIALIZED_AUTOS = YES_AGGRESSIVE;
				GCC_WARN_UNUSED_FUNCTION = YES;
				GCC_WARN_UNUSED_VARIABLE = YES;
				IPHONEOS_DEPLOYMENT_TARGET = 11.0;
				MTL_ENABLE_DEBUG_INFO = NO;
				SDKROOT = iphoneos;
				SWIFT_OPTIMIZATION_LEVEL = "-Owholemodule";
				VALIDATE_PRODUCT = YES;
			};
			name = Release;
		};
		0346861A1F76A3FF00294009 /* Debug */ = {
			isa = XCBuildConfiguration;
			buildSettings = {
				ASSETCATALOG_COMPILER_APPICON_NAME = AppIcon;
				CODE_SIGN_STYLE = Automatic;
				DEVELOPMENT_TEAM = GFF5ZMD57L;
				INFOPLIST_FILE = HustleMode/Info.plist;
				LD_RUNPATH_SEARCH_PATHS = "$(inherited) @executable_path/Frameworks";
				PRODUCT_BUNDLE_IDENTIFIER = jss.HustleMode;
				PRODUCT_NAME = "$(TARGET_NAME)";
				SWIFT_VERSION = 4.0;
				TARGETED_DEVICE_FAMILY = "1,2";
			};
			name = Debug;
		};
		0346861B1F76A3FF00294009 /* Release */ = {
			isa = XCBuildConfiguration;
			buildSettings = {
				ASSETCATALOG_COMPILER_APPICON_NAME = AppIcon;
				CODE_SIGN_STYLE = Automatic;
				DEVELOPMENT_TEAM = GFF5ZMD57L;
				INFOPLIST_FILE = HustleMode/Info.plist;
				LD_RUNPATH_SEARCH_PATHS = "$(inherited) @executable_path/Frameworks";
				PRODUCT_BUNDLE_IDENTIFIER = jss.HustleMode;
				PRODUCT_NAME = "$(TARGET_NAME)";
				SWIFT_VERSION = 4.0;
				TARGETED_DEVICE_FAMILY = "1,2";
			};
			name = Release;
		};
/* End XCBuildConfiguration section */

/* Begin XCConfigurationList section */
		034686021F76A3FF00294009 /* Build configuration list for PBXProject "HustleMode" */ = {
			isa = XCConfigurationList;
			buildConfigurations = (
				034686171F76A3FF00294009 /* Debug */,
				034686181F76A3FF00294009 /* Release */,
			);
			defaultConfigurationIsVisible = 0;
			defaultConfigurationName = Release;
		};
		034686191F76A3FF00294009 /* Build configuration list for PBXNativeTarget "HustleMode" */ = {
			isa = XCConfigurationList;
			buildConfigurations = (
				0346861A1F76A3FF00294009 /* Debug */,
				0346861B1F76A3FF00294009 /* Release */,
			);
			defaultConfigurationIsVisible = 0;
			defaultConfigurationName = Release;
		};
/* End XCConfigurationList section */
	};
	rootObject = 034685FF1F76A3FF00294009 /* Project object */;
}
