// !$*UTF8*$!
{
	archiveVersion = 1;
	classes = {
	};
	objectVersion = 46;
	objects = {

/* Begin PBXBuildFile section */
		03A42DB21F52B0760012A6E4 /* AppDelegate.swift in Sources */ = {isa = PBXBuildFile; fileRef = 03A42DB11F52B0760012A6E4 /* AppDelegate.swift */; };
		03A42DB41F52B0760012A6E4 /* LoginVC.swift in Sources */ = {isa = PBXBuildFile; fileRef = 03A42DB31F52B0760012A6E4 /* LoginVC.swift */; };
		03A42DB71F52B0760012A6E4 /* Main.storyboard in Resources */ = {isa = PBXBuildFile; fileRef = 03A42DB51F52B0760012A6E4 /* Main.storyboard */; };
		03A42DB91F52B0760012A6E4 /* Assets.xcassets in Resources */ = {isa = PBXBuildFile; fileRef = 03A42DB81F52B0760012A6E4 /* Assets.xcassets */; };
		03A42DBC1F52B0760012A6E4 /* LaunchScreen.storyboard in Resources */ = {isa = PBXBuildFile; fileRef = 03A42DBA1F52B0760012A6E4 /* LaunchScreen.storyboard */; };
		03A42DC71F52B0760012A6E4 /* SwappingScreenTests.swift in Sources */ = {isa = PBXBuildFile; fileRef = 03A42DC61F52B0760012A6E4 /* SwappingScreenTests.swift */; };
		03A42DD21F52B0760012A6E4 /* SwappingScreenUITests.swift in Sources */ = {isa = PBXBuildFile; fileRef = 03A42DD11F52B0760012A6E4 /* SwappingScreenUITests.swift */; };
		03A42DE01F52B14A0012A6E4 /* MusicListVC.swift in Sources */ = {isa = PBXBuildFile; fileRef = 03A42DDF1F52B14A0012A6E4 /* MusicListVC.swift */; };
		03A42DE21F52B3530012A6E4 /* PlaySongVC.swift in Sources */ = {isa = PBXBuildFile; fileRef = 03A42DE11F52B3530012A6E4 /* PlaySongVC.swift */; };
/* End PBXBuildFile section */

/* Begin PBXContainerItemProxy section */
		03A42DC31F52B0760012A6E4 /* PBXContainerItemProxy */ = {
			isa = PBXContainerItemProxy;
			containerPortal = 03A42DA61F52B0760012A6E4 /* Project object */;
			proxyType = 1;
			remoteGlobalIDString = 03A42DAD1F52B0760012A6E4;
			remoteInfo = SwappingScreen;
		};
		03A42DCE1F52B0760012A6E4 /* PBXContainerItemProxy */ = {
			isa = PBXContainerItemProxy;
			containerPortal = 03A42DA61F52B0760012A6E4 /* Project object */;
			proxyType = 1;
			remoteGlobalIDString = 03A42DAD1F52B0760012A6E4;
			remoteInfo = SwappingScreen;
		};
/* End PBXContainerItemProxy section */

/* Begin PBXFileReference section */
		03A42DAE1F52B0760012A6E4 /* SwappingScreen.app */ = {isa = PBXFileReference; explicitFileType = wrapper.application; includeInIndex = 0; path = SwappingScreen.app; sourceTree = BUILT_PRODUCTS_DIR; };
		03A42DB11F52B0760012A6E4 /* AppDelegate.swift */ = {isa = PBXFileReference; lastKnownFileType = sourcecode.swift; path = AppDelegate.swift; sourceTree = "<group>"; };
		03A42DB31F52B0760012A6E4 /* LoginVC.swift */ = {isa = PBXFileReference; lastKnownFileType = sourcecode.swift; path = LoginVC.swift; sourceTree = "<group>"; };
		03A42DB61F52B0760012A6E4 /* Base */ = {isa = PBXFileReference; lastKnownFileType = file.storyboard; name = Base; path = Base.lproj/Main.storyboard; sourceTree = "<group>"; };
		03A42DB81F52B0760012A6E4 /* Assets.xcassets */ = {isa = PBXFileReference; lastKnownFileType = folder.assetcatalog; path = Assets.xcassets; sourceTree = "<group>"; };
		03A42DBB1F52B0760012A6E4 /* Base */ = {isa = PBXFileReference; lastKnownFileType = file.storyboard; name = Base; path = Base.lproj/LaunchScreen.storyboard; sourceTree = "<group>"; };
		03A42DBD1F52B0760012A6E4 /* Info.plist */ = {isa = PBXFileReference; lastKnownFileType = text.plist.xml; path = Info.plist; sourceTree = "<group>"; };
		03A42DC21F52B0760012A6E4 /* SwappingScreenTests.xctest */ = {isa = PBXFileReference; explicitFileType = wrapper.cfbundle; includeInIndex = 0; path = SwappingScreenTests.xctest; sourceTree = BUILT_PRODUCTS_DIR; };
		03A42DC61F52B0760012A6E4 /* SwappingScreenTests.swift */ = {isa = PBXFileReference; lastKnownFileType = sourcecode.swift; path = SwappingScreenTests.swift; sourceTree = "<group>"; };
		03A42DC81F52B0760012A6E4 /* Info.plist */ = {isa = PBXFileReference; lastKnownFileType = text.plist.xml; path = Info.plist; sourceTree = "<group>"; };
		03A42DCD1F52B0760012A6E4 /* SwappingScreenUITests.xctest */ = {isa = PBXFileReference; explicitFileType = wrapper.cfbundle; includeInIndex = 0; path = SwappingScreenUITests.xctest; sourceTree = BUILT_PRODUCTS_DIR; };
		03A42DD11F52B0760012A6E4 /* SwappingScreenUITests.swift */ = {isa = PBXFileReference; lastKnownFileType = sourcecode.swift; path = SwappingScreenUITests.swift; sourceTree = "<group>"; };
		03A42DD31F52B0760012A6E4 /* Info.plist */ = {isa = PBXFileReference; lastKnownFileType = text.plist.xml; path = Info.plist; sourceTree = "<group>"; };
		03A42DDF1F52B14A0012A6E4 /* MusicListVC.swift */ = {isa = PBXFileReference; fileEncoding = 4; lastKnownFileType = sourcecode.swift; path = MusicListVC.swift; sourceTree = "<group>"; };
		03A42DE11F52B3530012A6E4 /* PlaySongVC.swift */ = {isa = PBXFileReference; fileEncoding = 4; lastKnownFileType = sourcecode.swift; path = PlaySongVC.swift; sourceTree = "<group>"; };
/* End PBXFileReference section */

/* Begin PBXFrameworksBuildPhase section */
		03A42DAB1F52B0760012A6E4 /* Frameworks */ = {
			isa = PBXFrameworksBuildPhase;
			buildActionMask = 2147483647;
			files = (
			);
			runOnlyForDeploymentPostprocessing = 0;
		};
		03A42DBF1F52B0760012A6E4 /* Frameworks */ = {
			isa = PBXFrameworksBuildPhase;
			buildActionMask = 2147483647;
			files = (
			);
			runOnlyForDeploymentPostprocessing = 0;
		};
		03A42DCA1F52B0760012A6E4 /* Frameworks */ = {
			isa = PBXFrameworksBuildPhase;
			buildActionMask = 2147483647;
			files = (
			);
			runOnlyForDeploymentPostprocessing = 0;
		};
/* End PBXFrameworksBuildPhase section */

/* Begin PBXGroup section */
		03A42DA51F52B0760012A6E4 = {
			isa = PBXGroup;
			children = (
				03A42DB01F52B0760012A6E4 /* SwappingScreen */,
				03A42DC51F52B0760012A6E4 /* SwappingScreenTests */,
				03A42DD01F52B0760012A6E4 /* SwappingScreenUITests */,
				03A42DAF1F52B0760012A6E4 /* Products */,
			);
			sourceTree = "<group>";
		};
		03A42DAF1F52B0760012A6E4 /* Products */ = {
			isa = PBXGroup;
			children = (
				03A42DAE1F52B0760012A6E4 /* SwappingScreen.app */,
				03A42DC21F52B0760012A6E4 /* SwappingScreenTests.xctest */,
				03A42DCD1F52B0760012A6E4 /* SwappingScreenUITests.xctest */,
			);
			name = Products;
			sourceTree = "<group>";
		};
		03A42DB01F52B0760012A6E4 /* SwappingScreen */ = {
			isa = PBXGroup;
			children = (
				03A42DB11F52B0760012A6E4 /* AppDelegate.swift */,
				03A42DB31F52B0760012A6E4 /* LoginVC.swift */,
				03A42DB51F52B0760012A6E4 /* Main.storyboard */,
				03A42DB81F52B0760012A6E4 /* Assets.xcassets */,
				03A42DBA1F52B0760012A6E4 /* LaunchScreen.storyboard */,
				03A42DBD1F52B0760012A6E4 /* Info.plist */,
				03A42DDF1F52B14A0012A6E4 /* MusicListVC.swift */,
				03A42DE11F52B3530012A6E4 /* PlaySongVC.swift */,
			);
			path = SwappingScreen;
			sourceTree = "<group>";
		};
		03A42DC51F52B0760012A6E4 /* SwappingScreenTests */ = {
			isa = PBXGroup;
			children = (
				03A42DC61F52B0760012A6E4 /* SwappingScreenTests.swift */,
				03A42DC81F52B0760012A6E4 /* Info.plist */,
			);
			path = SwappingScreenTests;
			sourceTree = "<group>";
		};
		03A42DD01F52B0760012A6E4 /* SwappingScreenUITests */ = {
			isa = PBXGroup;
			children = (
				03A42DD11F52B0760012A6E4 /* SwappingScreenUITests.swift */,
				03A42DD31F52B0760012A6E4 /* Info.plist */,
			);
			path = SwappingScreenUITests;
			sourceTree = "<group>";
		};
/* End PBXGroup section */

/* Begin PBXNativeTarget section */
		03A42DAD1F52B0760012A6E4 /* SwappingScreen */ = {
			isa = PBXNativeTarget;
			buildConfigurationList = 03A42DD61F52B0760012A6E4 /* Build configuration list for PBXNativeTarget "SwappingScreen" */;
			buildPhases = (
				03A42DAA1F52B0760012A6E4 /* Sources */,
				03A42DAB1F52B0760012A6E4 /* Frameworks */,
				03A42DAC1F52B0760012A6E4 /* Resources */,
			);
			buildRules = (
			);
			dependencies = (
			);
			name = SwappingScreen;
			productName = SwappingScreen;
			productReference = 03A42DAE1F52B0760012A6E4 /* SwappingScreen.app */;
			productType = "com.apple.product-type.application";
		};
		03A42DC11F52B0760012A6E4 /* SwappingScreenTests */ = {
			isa = PBXNativeTarget;
			buildConfigurationList = 03A42DD91F52B0760012A6E4 /* Build configuration list for PBXNativeTarget "SwappingScreenTests" */;
			buildPhases = (
				03A42DBE1F52B0760012A6E4 /* Sources */,
				03A42DBF1F52B0760012A6E4 /* Frameworks */,
				03A42DC01F52B0760012A6E4 /* Resources */,
			);
			buildRules = (
			);
			dependencies = (
				03A42DC41F52B0760012A6E4 /* PBXTargetDependency */,
			);
			name = SwappingScreenTests;
			productName = SwappingScreenTests;
			productReference = 03A42DC21F52B0760012A6E4 /* SwappingScreenTests.xctest */;
			productType = "com.apple.product-type.bundle.unit-test";
		};
		03A42DCC1F52B0760012A6E4 /* SwappingScreenUITests */ = {
			isa = PBXNativeTarget;
			buildConfigurationList = 03A42DDC1F52B0760012A6E4 /* Build configuration list for PBXNativeTarget "SwappingScreenUITests" */;
			buildPhases = (
				03A42DC91F52B0760012A6E4 /* Sources */,
				03A42DCA1F52B0760012A6E4 /* Frameworks */,
				03A42DCB1F52B0760012A6E4 /* Resources */,
			);
			buildRules = (
			);
			dependencies = (
				03A42DCF1F52B0760012A6E4 /* PBXTargetDependency */,
			);
			name = SwappingScreenUITests;
			productName = SwappingScreenUITests;
			productReference = 03A42DCD1F52B0760012A6E4 /* SwappingScreenUITests.xctest */;
			productType = "com.apple.product-type.bundle.ui-testing";
		};
/* End PBXNativeTarget section */

/* Begin PBXProject section */
		03A42DA61F52B0760012A6E4 /* Project object */ = {
			isa = PBXProject;
			attributes = {
				LastSwiftUpdateCheck = 0830;
				LastUpgradeCheck = 0830;
				ORGANIZATIONNAME = "kim jong soo";
				TargetAttributes = {
					03A42DAD1F52B0760012A6E4 = {
						CreatedOnToolsVersion = 8.3.3;
						DevelopmentTeam = GFF5ZMD57L;
						ProvisioningStyle = Automatic;
					};
					03A42DC11F52B0760012A6E4 = {
						CreatedOnToolsVersion = 8.3.3;
						DevelopmentTeam = GFF5ZMD57L;
						ProvisioningStyle = Automatic;
						TestTargetID = 03A42DAD1F52B0760012A6E4;
					};
					03A42DCC1F52B0760012A6E4 = {
						CreatedOnToolsVersion = 8.3.3;
						DevelopmentTeam = GFF5ZMD57L;
						ProvisioningStyle = Automatic;
						TestTargetID = 03A42DAD1F52B0760012A6E4;
					};
				};
			};
			buildConfigurationList = 03A42DA91F52B0760012A6E4 /* Build configuration list for PBXProject "SwappingScreen" */;
			compatibilityVersion = "Xcode 3.2";
			developmentRegion = English;
			hasScannedForEncodings = 0;
			knownRegions = (
				en,
				Base,
			);
			mainGroup = 03A42DA51F52B0760012A6E4;
			productRefGroup = 03A42DAF1F52B0760012A6E4 /* Products */;
			projectDirPath = "";
			projectRoot = "";
			targets = (
				03A42DAD1F52B0760012A6E4 /* SwappingScreen */,
				03A42DC11F52B0760012A6E4 /* SwappingScreenTests */,
				03A42DCC1F52B0760012A6E4 /* SwappingScreenUITests */,
			);
		};
/* End PBXProject section */

/* Begin PBXResourcesBuildPhase section */
		03A42DAC1F52B0760012A6E4 /* Resources */ = {
			isa = PBXResourcesBuildPhase;
			buildActionMask = 2147483647;
			files = (
				03A42DBC1F52B0760012A6E4 /* LaunchScreen.storyboard in Resources */,
				03A42DB91F52B0760012A6E4 /* Assets.xcassets in Resources */,
				03A42DB71F52B0760012A6E4 /* Main.storyboard in Resources */,
			);
			runOnlyForDeploymentPostprocessing = 0;
		};
		03A42DC01F52B0760012A6E4 /* Resources */ = {
			isa = PBXResourcesBuildPhase;
			buildActionMask = 2147483647;
			files = (
			);
			runOnlyForDeploymentPostprocessing = 0;
		};
		03A42DCB1F52B0760012A6E4 /* Resources */ = {
			isa = PBXResourcesBuildPhase;
			buildActionMask = 2147483647;
			files = (
			);
			runOnlyForDeploymentPostprocessing = 0;
		};
/* End PBXResourcesBuildPhase section */

/* Begin PBXSourcesBuildPhase section */
		03A42DAA1F52B0760012A6E4 /* Sources */ = {
			isa = PBXSourcesBuildPhase;
			buildActionMask = 2147483647;
			files = (
				03A42DE01F52B14A0012A6E4 /* MusicListVC.swift in Sources */,
				03A42DE21F52B3530012A6E4 /* PlaySongVC.swift in Sources */,
				03A42DB41F52B0760012A6E4 /* LoginVC.swift in Sources */,
				03A42DB21F52B0760012A6E4 /* AppDelegate.swift in Sources */,
			);
			runOnlyForDeploymentPostprocessing = 0;
		};
		03A42DBE1F52B0760012A6E4 /* Sources */ = {
			isa = PBXSourcesBuildPhase;
			buildActionMask = 2147483647;
			files = (
				03A42DC71F52B0760012A6E4 /* SwappingScreenTests.swift in Sources */,
			);
			runOnlyForDeploymentPostprocessing = 0;
		};
		03A42DC91F52B0760012A6E4 /* Sources */ = {
			isa = PBXSourcesBuildPhase;
			buildActionMask = 2147483647;
			files = (
				03A42DD21F52B0760012A6E4 /* SwappingScreenUITests.swift in Sources */,
			);
			runOnlyForDeploymentPostprocessing = 0;
		};
/* End PBXSourcesBuildPhase section */

/* Begin PBXTargetDependency section */
		03A42DC41F52B0760012A6E4 /* PBXTargetDependency */ = {
			isa = PBXTargetDependency;
			target = 03A42DAD1F52B0760012A6E4 /* SwappingScreen */;
			targetProxy = 03A42DC31F52B0760012A6E4 /* PBXContainerItemProxy */;
		};
		03A42DCF1F52B0760012A6E4 /* PBXTargetDependency */ = {
			isa = PBXTargetDependency;
			target = 03A42DAD1F52B0760012A6E4 /* SwappingScreen */;
			targetProxy = 03A42DCE1F52B0760012A6E4 /* PBXContainerItemProxy */;
		};
/* End PBXTargetDependency section */

/* Begin PBXVariantGroup section */
		03A42DB51F52B0760012A6E4 /* Main.storyboard */ = {
			isa = PBXVariantGroup;
			children = (
				03A42DB61F52B0760012A6E4 /* Base */,
			);
			name = Main.storyboard;
			sourceTree = "<group>";
		};
		03A42DBA1F52B0760012A6E4 /* LaunchScreen.storyboard */ = {
			isa = PBXVariantGroup;
			children = (
				03A42DBB1F52B0760012A6E4 /* Base */,
			);
			name = LaunchScreen.storyboard;
			sourceTree = "<group>";
		};
/* End PBXVariantGroup section */

/* Begin XCBuildConfiguration section */
		03A42DD41F52B0760012A6E4 /* Debug */ = {
			isa = XCBuildConfiguration;
			buildSettings = {
				ALWAYS_SEARCH_USER_PATHS = NO;
				CLANG_ANALYZER_NONNULL = YES;
				CLANG_ANALYZER_NUMBER_OBJECT_CONVERSION = YES_AGGRESSIVE;
				CLANG_CXX_LANGUAGE_STANDARD = "gnu++0x";
				CLANG_CXX_LIBRARY = "libc++";
				CLANG_ENABLE_MODULES = YES;
				CLANG_ENABLE_OBJC_ARC = YES;
				CLANG_WARN_BOOL_CONVERSION = YES;
				CLANG_WARN_CONSTANT_CONVERSION = YES;
				CLANG_WARN_DIRECT_OBJC_ISA_USAGE = YES_ERROR;
				CLANG_WARN_DOCUMENTATION_COMMENTS = YES;
				CLANG_WARN_EMPTY_BODY = YES;
				CLANG_WARN_ENUM_CONVERSION = YES;
				CLANG_WARN_INFINITE_RECURSION = YES;
				CLANG_WARN_INT_CONVERSION = YES;
				CLANG_WARN_OBJC_ROOT_CLASS = YES_ERROR;
				CLANG_WARN_SUSPICIOUS_MOVE = YES;
				CLANG_WARN_UNREACHABLE_CODE = YES;
				CLANG_WARN__DUPLICATE_METHOD_MATCH = YES;
				"CODE_SIGN_IDENTITY[sdk=iphoneos*]" = "iPhone Developer";
				COPY_PHASE_STRIP = NO;
				DEBUG_INFORMATION_FORMAT = dwarf;
				ENABLE_STRICT_OBJC_MSGSEND = YES;
				ENABLE_TESTABILITY = YES;
				GCC_C_LANGUAGE_STANDARD = gnu99;
				GCC_DYNAMIC_NO_PIC = NO;
				GCC_NO_COMMON_BLOCKS = YES;
				GCC_OPTIMIZATION_LEVEL = 0;
				GCC_PREPROCESSOR_DEFINITIONS = (
					"DEBUG=1",
					"$(inherited)",
				);
				GCC_WARN_64_TO_32_BIT_CONVERSION = YES;
				GCC_WARN_ABOUT_RETURN_TYPE = YES_ERROR;
				GCC_WARN_UNDECLARED_SELECTOR = YES;
				GCC_WARN_UNINITIALIZED_AUTOS = YES_AGGRESSIVE;
				GCC_WARN_UNUSED_FUNCTION = YES;
				GCC_WARN_UNUSED_VARIABLE = YES;
				IPHONEOS_DEPLOYMENT_TARGET = 10.3;
				MTL_ENABLE_DEBUG_INFO = YES;
				ONLY_ACTIVE_ARCH = YES;
				SDKROOT = iphoneos;
				SWIFT_ACTIVE_COMPILATION_CONDITIONS = DEBUG;
				SWIFT_OPTIMIZATION_LEVEL = "-Onone";
				TARGETED_DEVICE_FAMILY = "1,2";
			};
			name = Debug;
		};
		03A42DD51F52B0760012A6E4 /* Release */ = {
			isa = XCBuildConfiguration;
			buildSettings = {
				ALWAYS_SEARCH_USER_PATHS = NO;
				CLANG_ANALYZER_NONNULL = YES;
				CLANG_ANALYZER_NUMBER_OBJECT_CONVERSION = YES_AGGRESSIVE;
				CLANG_CXX_LANGUAGE_STANDARD = "gnu++0x";
				CLANG_CXX_LIBRARY = "libc++";
				CLANG_ENABLE_MODULES = YES;
				CLANG_ENABLE_OBJC_ARC = YES;
				CLANG_WARN_BOOL_CONVERSION = YES;
				CLANG_WARN_CONSTANT_CONVERSION = YES;
				CLANG_WARN_DIRECT_OBJC_ISA_USAGE = YES_ERROR;
				CLANG_WARN_DOCUMENTATION_COMMENTS = YES;
				CLANG_WARN_EMPTY_BODY = YES;
				CLANG_WARN_ENUM_CONVERSION = YES;
				CLANG_WARN_INFINITE_RECURSION = YES;
				CLANG_WARN_INT_CONVERSION = YES;
				CLANG_WARN_OBJC_ROOT_CLASS = YES_ERROR;
				CLANG_WARN_SUSPICIOUS_MOVE = YES;
				CLANG_WARN_UNREACHABLE_CODE = YES;
				CLANG_WARN__DUPLICATE_METHOD_MATCH = YES;
				"CODE_SIGN_IDENTITY[sdk=iphoneos*]" = "iPhone Developer";
				COPY_PHASE_STRIP = NO;
				DEBUG_INFORMATION_FORMAT = "dwarf-with-dsym";
				ENABLE_NS_ASSERTIONS = NO;
				ENABLE_STRICT_OBJC_MSGSEND = YES;
				GCC_C_LANGUAGE_STANDARD = gnu99;
				GCC_NO_COMMON_BLOCKS = YES;
				GCC_WARN_64_TO_32_BIT_CONVERSION = YES;
				GCC_WARN_ABOUT_RETURN_TYPE = YES_ERROR;
				GCC_WARN_UNDECLARED_SELECTOR = YES;
				GCC_WARN_UNINITIALIZED_AUTOS = YES_AGGRESSIVE;
				GCC_WARN_UNUSED_FUNCTION = YES;
				GCC_WARN_UNUSED_VARIABLE = YES;
				IPHONEOS_DEPLOYMENT_TARGET = 10.3;
				MTL_ENABLE_DEBUG_INFO = NO;
				SDKROOT = iphoneos;
				SWIFT_OPTIMIZATION_LEVEL = "-Owholemodule";
				TARGETED_DEVICE_FAMILY = "1,2";
				VALIDATE_PRODUCT = YES;
			};
			name = Release;
		};
		03A42DD71F52B0760012A6E4 /* Debug */ = {
			isa = XCBuildConfiguration;
			buildSettings = {
				ASSETCATALOG_COMPILER_APPICON_NAME = AppIcon;
				DEVELOPMENT_TEAM = GFF5ZMD57L;
				INFOPLIST_FILE = SwappingScreen/Info.plist;
				LD_RUNPATH_SEARCH_PATHS = "$(inherited) @executable_path/Frameworks";
				PRODUCT_BUNDLE_IDENTIFIER = jss.SwappingScreen;
				PRODUCT_NAME = "$(TARGET_NAME)";
				SWIFT_VERSION = 3.0;
			};
			name = Debug;
		};
		03A42DD81F52B0760012A6E4 /* Release */ = {
			isa = XCBuildConfiguration;
			buildSettings = {
				ASSETCATALOG_COMPILER_APPICON_NAME = AppIcon;
				DEVELOPMENT_TEAM = GFF5ZMD57L;
				INFOPLIST_FILE = SwappingScreen/Info.plist;
				LD_RUNPATH_SEARCH_PATHS = "$(inherited) @executable_path/Frameworks";
				PRODUCT_BUNDLE_IDENTIFIER = jss.SwappingScreen;
				PRODUCT_NAME = "$(TARGET_NAME)";
				SWIFT_VERSION = 3.0;
			};
			name = Release;
		};
		03A42DDA1F52B0760012A6E4 /* Debug */ = {
			isa = XCBuildConfiguration;
			buildSettings = {
				ALWAYS_EMBED_SWIFT_STANDARD_LIBRARIES = YES;
				BUNDLE_LOADER = "$(TEST_HOST)";
				DEVELOPMENT_TEAM = GFF5ZMD57L;
				INFOPLIST_FILE = SwappingScreenTests/Info.plist;
				LD_RUNPATH_SEARCH_PATHS = "$(inherited) @executable_path/Frameworks @loader_path/Frameworks";
				PRODUCT_BUNDLE_IDENTIFIER = jss.SwappingScreenTests;
				PRODUCT_NAME = "$(TARGET_NAME)";
				SWIFT_VERSION = 3.0;
				TEST_HOST = "$(BUILT_PRODUCTS_DIR)/SwappingScreen.app/SwappingScreen";
			};
			name = Debug;
		};
		03A42DDB1F52B0760012A6E4 /* Release */ = {
			isa = XCBuildConfiguration;
			buildSettings = {
				ALWAYS_EMBED_SWIFT_STANDARD_LIBRARIES = YES;
				BUNDLE_LOADER = "$(TEST_HOST)";
				DEVELOPMENT_TEAM = GFF5ZMD57L;
				INFOPLIST_FILE = SwappingScreenTests/Info.plist;
				LD_RUNPATH_SEARCH_PATHS = "$(inherited) @executable_path/Frameworks @loader_path/Frameworks";
				PRODUCT_BUNDLE_IDENTIFIER = jss.SwappingScreenTests;
				PRODUCT_NAME = "$(TARGET_NAME)";
				SWIFT_VERSION = 3.0;
				TEST_HOST = "$(BUILT_PRODUCTS_DIR)/SwappingScreen.app/SwappingScreen";
			};
			name = Release;
		};
		03A42DDD1F52B0760012A6E4 /* Debug */ = {
			isa = XCBuildConfiguration;
			buildSettings = {
				ALWAYS_EMBED_SWIFT_STANDARD_LIBRARIES = YES;
				DEVELOPMENT_TEAM = GFF5ZMD57L;
				INFOPLIST_FILE = SwappingScreenUITests/Info.plist;
				LD_RUNPATH_SEARCH_PATHS = "$(inherited) @executable_path/Frameworks @loader_path/Frameworks";
				PRODUCT_BUNDLE_IDENTIFIER = jss.SwappingScreenUITests;
				PRODUCT_NAME = "$(TARGET_NAME)";
				SWIFT_VERSION = 3.0;
				TEST_TARGET_NAME = SwappingScreen;
			};
			name = Debug;
		};
		03A42DDE1F52B0760012A6E4 /* Release */ = {
			isa = XCBuildConfiguration;
			buildSettings = {
				ALWAYS_EMBED_SWIFT_STANDARD_LIBRARIES = YES;
				DEVELOPMENT_TEAM = GFF5ZMD57L;
				INFOPLIST_FILE = SwappingScreenUITests/Info.plist;
				LD_RUNPATH_SEARCH_PATHS = "$(inherited) @executable_path/Frameworks @loader_path/Frameworks";
				PRODUCT_BUNDLE_IDENTIFIER = jss.SwappingScreenUITests;
				PRODUCT_NAME = "$(TARGET_NAME)";
				SWIFT_VERSION = 3.0;
				TEST_TARGET_NAME = SwappingScreen;
			};
			name = Release;
		};
/* End XCBuildConfiguration section */

/* Begin XCConfigurationList section */
		03A42DA91F52B0760012A6E4 /* Build configuration list for PBXProject "SwappingScreen" */ = {
			isa = XCConfigurationList;
			buildConfigurations = (
				03A42DD41F52B0760012A6E4 /* Debug */,
				03A42DD51F52B0760012A6E4 /* Release */,
			);
			defaultConfigurationIsVisible = 0;
			defaultConfigurationName = Release;
		};
		03A42DD61F52B0760012A6E4 /* Build configuration list for PBXNativeTarget "SwappingScreen" */ = {
			isa = XCConfigurationList;
			buildConfigurations = (
				03A42DD71F52B0760012A6E4 /* Debug */,
				03A42DD81F52B0760012A6E4 /* Release */,
			);
			defaultConfigurationIsVisible = 0;
			defaultConfigurationName = Release;
		};
		03A42DD91F52B0760012A6E4 /* Build configuration list for PBXNativeTarget "SwappingScreenTests" */ = {
			isa = XCConfigurationList;
			buildConfigurations = (
				03A42DDA1F52B0760012A6E4 /* Debug */,
				03A42DDB1F52B0760012A6E4 /* Release */,
			);
			defaultConfigurationIsVisible = 0;
			defaultConfigurationName = Release;
		};
		03A42DDC1F52B0760012A6E4 /* Build configuration list for PBXNativeTarget "SwappingScreenUITests" */ = {
			isa = XCConfigurationList;
			buildConfigurations = (
				03A42DDD1F52B0760012A6E4 /* Debug */,
				03A42DDE1F52B0760012A6E4 /* Release */,
			);
			defaultConfigurationIsVisible = 0;
			defaultConfigurationName = Release;
		};
/* End XCConfigurationList section */
	};
	rootObject = 03A42DA61F52B0760012A6E4 /* Project object */;
}
